{
  "name": "vite-project",
  "version": "0.0.0",
  "lockfileVersion": 1,
  "requires": true,
  "dependencies": {
    "kontra": {
      "version": "8.0.0",
      "resolved": "https://registry.npmjs.org/kontra/-/kontra-8.0.0.tgz",
      "integrity": "sha512-7Go/K4S+6gtyillSKSkSlNq46neuIWGvof9PYyzBwiBKGrs+1GHzsDknaeIID3GulV+sK1oKcV0hB2CyyO7ePQ=="
    }
  }
}
